// !$*UTF8*$!
{
	archiveVersion = 1;
	classes = {
	};
	objectVersion = 46;
	objects = {

/* Begin PBXBuildFile section */
		FD67ECE21C4EC47700B0D822 /* AppDelegate.swift in Sources */ = {isa = PBXBuildFile; fileRef = FD67ECE11C4EC47700B0D822 /* AppDelegate.swift */; };
		FD67ECE41C4EC47700B0D822 /* ViewController.swift in Sources */ = {isa = PBXBuildFile; fileRef = FD67ECE31C4EC47700B0D822 /* ViewController.swift */; };
		FD67ECE61C4EC47700B0D822 /* Assets.xcassets in Resources */ = {isa = PBXBuildFile; fileRef = FD67ECE51C4EC47700B0D822 /* Assets.xcassets */; };
		FD67ECE91C4EC47700B0D822 /* Main.storyboard in Resources */ = {isa = PBXBuildFile; fileRef = FD67ECE71C4EC47700B0D822 /* Main.storyboard */; };
		FD67ECF41C4EC47700B0D822 /* NotesEditorTests.swift in Sources */ = {isa = PBXBuildFile; fileRef = FD67ECF31C4EC47700B0D822 /* NotesEditorTests.swift */; };
		FD67ECFF1C4EC47700B0D822 /* NotesEditorUITests.swift in Sources */ = {isa = PBXBuildFile; fileRef = FD67ECFE1C4EC47700B0D822 /* NotesEditorUITests.swift */; };
/* End PBXBuildFile section */

/* Begin PBXContainerItemProxy section */
		FD67ECF01C4EC47700B0D822 /* PBXContainerItemProxy */ = {
			isa = PBXContainerItemProxy;
			containerPortal = FD67ECD61C4EC47700B0D822 /* Project object */;
			proxyType = 1;
			remoteGlobalIDString = FD67ECDD1C4EC47700B0D822;
			remoteInfo = NotesEditor;
		};
		FD67ECFB1C4EC47700B0D822 /* PBXContainerItemProxy */ = {
			isa = PBXContainerItemProxy;
			containerPortal = FD67ECD61C4EC47700B0D822 /* Project object */;
			proxyType = 1;
			remoteGlobalIDString = FD67ECDD1C4EC47700B0D822;
			remoteInfo = NotesEditor;
		};
/* End PBXContainerItemProxy section */

/* Begin PBXFileReference section */
		FD67ECDE1C4EC47700B0D822 /* NotesEditor.app */ = {isa = PBXFileReference; explicitFileType = wrapper.application; includeInIndex = 0; path = NotesEditor.app; sourceTree = BUILT_PRODUCTS_DIR; };
		FD67ECE11C4EC47700B0D822 /* AppDelegate.swift */ = {isa = PBXFileReference; lastKnownFileType = sourcecode.swift; path = AppDelegate.swift; sourceTree = "<group>"; };
		FD67ECE31C4EC47700B0D822 /* ViewController.swift */ = {isa = PBXFileReference; lastKnownFileType = sourcecode.swift; path = ViewController.swift; sourceTree = "<group>"; };
		FD67ECE51C4EC47700B0D822 /* Assets.xcassets */ = {isa = PBXFileReference; lastKnownFileType = folder.assetcatalog; path = Assets.xcassets; sourceTree = "<group>"; };
		FD67ECE81C4EC47700B0D822 /* Base */ = {isa = PBXFileReference; lastKnownFileType = file.storyboard; name = Base; path = Base.lproj/Main.storyboard; sourceTree = "<group>"; };
		FD67ECEA1C4EC47700B0D822 /* Info.plist */ = {isa = PBXFileReference; lastKnownFileType = text.plist.xml; path = Info.plist; sourceTree = "<group>"; };
		FD67ECEF1C4EC47700B0D822 /* NotesEditorTests.xctest */ = {isa = PBXFileReference; explicitFileType = wrapper.cfbundle; includeInIndex = 0; path = NotesEditorTests.xctest; sourceTree = BUILT_PRODUCTS_DIR; };
		FD67ECF31C4EC47700B0D822 /* NotesEditorTests.swift */ = {isa = PBXFileReference; lastKnownFileType = sourcecode.swift; path = NotesEditorTests.swift; sourceTree = "<group>"; };
		FD67ECF51C4EC47700B0D822 /* Info.plist */ = {isa = PBXFileReference; lastKnownFileType = text.plist.xml; path = Info.plist; sourceTree = "<group>"; };
		FD67ECFA1C4EC47700B0D822 /* NotesEditorUITests.xctest */ = {isa = PBXFileReference; explicitFileType = wrapper.cfbundle; includeInIndex = 0; path = NotesEditorUITests.xctest; sourceTree = BUILT_PRODUCTS_DIR; };
		FD67ECFE1C4EC47700B0D822 /* NotesEditorUITests.swift */ = {isa = PBXFileReference; lastKnownFileType = sourcecode.swift; path = NotesEditorUITests.swift; sourceTree = "<group>"; };
		FD67ED001C4EC47700B0D822 /* Info.plist */ = {isa = PBXFileReference; lastKnownFileType = text.plist.xml; path = Info.plist; sourceTree = "<group>"; };
/* End PBXFileReference section */

/* Begin PBXFrameworksBuildPhase section */
		FD67ECDB1C4EC47700B0D822 /* Frameworks */ = {
			isa = PBXFrameworksBuildPhase;
			buildActionMask = 2147483647;
			files = (
			);
			runOnlyForDeploymentPostprocessing = 0;
		};
		FD67ECEC1C4EC47700B0D822 /* Frameworks */ = {
			isa = PBXFrameworksBuildPhase;
			buildActionMask = 2147483647;
			files = (
			);
			runOnlyForDeploymentPostprocessing = 0;
		};
		FD67ECF71C4EC47700B0D822 /* Frameworks */ = {
			isa = PBXFrameworksBuildPhase;
			buildActionMask = 2147483647;
			files = (
			);
			runOnlyForDeploymentPostprocessing = 0;
		};
/* End PBXFrameworksBuildPhase section */

/* Begin PBXGroup section */
		FD67ECD51C4EC47700B0D822 = {
			isa = PBXGroup;
			children = (
				FD67ECE01C4EC47700B0D822 /* NotesEditor */,
				FD67ECF21C4EC47700B0D822 /* NotesEditorTests */,
				FD67ECFD1C4EC47700B0D822 /* NotesEditorUITests */,
				FD67ECDF1C4EC47700B0D822 /* Products */,
			);
			sourceTree = "<group>";
		};
		FD67ECDF1C4EC47700B0D822 /* Products */ = {
			isa = PBXGroup;
			children = (
				FD67ECDE1C4EC47700B0D822 /* NotesEditor.app */,
				FD67ECEF1C4EC47700B0D822 /* NotesEditorTests.xctest */,
				FD67ECFA1C4EC47700B0D822 /* NotesEditorUITests.xctest */,
			);
			name = Products;
			sourceTree = "<group>";
		};
		FD67ECE01C4EC47700B0D822 /* NotesEditor */ = {
			isa = PBXGroup;
			children = (
				FD67ECE11C4EC47700B0D822 /* AppDelegate.swift */,
				FD67ECE31C4EC47700B0D822 /* ViewController.swift */,
				FD67ECE51C4EC47700B0D822 /* Assets.xcassets */,
				FD67ECE71C4EC47700B0D822 /* Main.storyboard */,
				FD67ECEA1C4EC47700B0D822 /* Info.plist */,
			);
			path = NotesEditor;
			sourceTree = "<group>";
		};
		FD67ECF21C4EC47700B0D822 /* NotesEditorTests */ = {
			isa = PBXGroup;
			children = (
				FD67ECF31C4EC47700B0D822 /* NotesEditorTests.swift */,
				FD67ECF51C4EC47700B0D822 /* Info.plist */,
			);
			path = NotesEditorTests;
			sourceTree = "<group>";
		};
		FD67ECFD1C4EC47700B0D822 /* NotesEditorUITests */ = {
			isa = PBXGroup;
			children = (
				FD67ECFE1C4EC47700B0D822 /* NotesEditorUITests.swift */,
				FD67ED001C4EC47700B0D822 /* Info.plist */,
			);
			path = NotesEditorUITests;
			sourceTree = "<group>";
		};
/* End PBXGroup section */

/* Begin PBXNativeTarget section */
		FD67ECDD1C4EC47700B0D822 /* NotesEditor */ = {
			isa = PBXNativeTarget;
			buildConfigurationList = FD67ED031C4EC47700B0D822 /* Build configuration list for PBXNativeTarget "NotesEditor" */;
			buildPhases = (
				FD67ECDA1C4EC47700B0D822 /* Sources */,
				FD67ECDB1C4EC47700B0D822 /* Frameworks */,
				FD67ECDC1C4EC47700B0D822 /* Resources */,
			);
			buildRules = (
			);
			dependencies = (
			);
			name = NotesEditor;
			productName = NotesEditor;
			productReference = FD67ECDE1C4EC47700B0D822 /* NotesEditor.app */;
			productType = "com.apple.product-type.application";
		};
		FD67ECEE1C4EC47700B0D822 /* NotesEditorTests */ = {
			isa = PBXNativeTarget;
			buildConfigurationList = FD67ED061C4EC47700B0D822 /* Build configuration list for PBXNativeTarget "NotesEditorTests" */;
			buildPhases = (
				FD67ECEB1C4EC47700B0D822 /* Sources */,
				FD67ECEC1C4EC47700B0D822 /* Frameworks */,
				FD67ECED1C4EC47700B0D822 /* Resources */,
			);
			buildRules = (
			);
			dependencies = (
				FD67ECF11C4EC47700B0D822 /* PBXTargetDependency */,
			);
			name = NotesEditorTests;
			productName = NotesEditorTests;
			productReference = FD67ECEF1C4EC47700B0D822 /* NotesEditorTests.xctest */;
			productType = "com.apple.product-type.bundle.unit-test";
		};
		FD67ECF91C4EC47700B0D822 /* NotesEditorUITests */ = {
			isa = PBXNativeTarget;
			buildConfigurationList = FD67ED091C4EC47700B0D822 /* Build configuration list for PBXNativeTarget "NotesEditorUITests" */;
			buildPhases = (
				FD67ECF61C4EC47700B0D822 /* Sources */,
				FD67ECF71C4EC47700B0D822 /* Frameworks */,
				FD67ECF81C4EC47700B0D822 /* Resources */,
			);
			buildRules = (
			);
			dependencies = (
				FD67ECFC1C4EC47700B0D822 /* PBXTargetDependency */,
			);
			name = NotesEditorUITests;
			productName = NotesEditorUITests;
			productReference = FD67ECFA1C4EC47700B0D822 /* NotesEditorUITests.xctest */;
			productType = "com.apple.product-type.bundle.ui-testing";
		};
/* End PBXNativeTarget section */

/* Begin PBXProject section */
		FD67ECD61C4EC47700B0D822 /* Project object */ = {
			isa = PBXProject;
			attributes = {
				LastSwiftUpdateCheck = 0720;
				LastUpgradeCheck = 0720;
				ORGANIZATIONNAME = avontell.com;
				TargetAttributes = {
					FD67ECDD1C4EC47700B0D822 = {
						CreatedOnToolsVersion = 7.2;
					};
					FD67ECEE1C4EC47700B0D822 = {
						CreatedOnToolsVersion = 7.2;
						TestTargetID = FD67ECDD1C4EC47700B0D822;
					};
					FD67ECF91C4EC47700B0D822 = {
						CreatedOnToolsVersion = 7.2;
						TestTargetID = FD67ECDD1C4EC47700B0D822;
					};
				};
			};
			buildConfigurationList = FD67ECD91C4EC47700B0D822 /* Build configuration list for PBXProject "NotesEditor" */;
			compatibilityVersion = "Xcode 3.2";
			developmentRegion = English;
			hasScannedForEncodings = 0;
			knownRegions = (
				en,
				Base,
			);
			mainGroup = FD67ECD51C4EC47700B0D822;
			productRefGroup = FD67ECDF1C4EC47700B0D822 /* Products */;
			projectDirPath = "";
			projectRoot = "";
			targets = (
				FD67ECDD1C4EC47700B0D822 /* NotesEditor */,
				FD67ECEE1C4EC47700B0D822 /* NotesEditorTests */,
				FD67ECF91C4EC47700B0D822 /* NotesEditorUITests */,
			);
		};
/* End PBXProject section */

/* Begin PBXResourcesBuildPhase section */
		FD67ECDC1C4EC47700B0D822 /* Resources */ = {
			isa = PBXResourcesBuildPhase;
			buildActionMask = 2147483647;
			files = (
				FD67ECE61C4EC47700B0D822 /* Assets.xcassets in Resources */,
				FD67ECE91C4EC47700B0D822 /* Main.storyboard in Resources */,
			);
			runOnlyForDeploymentPostprocessing = 0;
		};
		FD67ECED1C4EC47700B0D822 /* Resources */ = {
			isa = PBXResourcesBuildPhase;
			buildActionMask = 2147483647;
			files = (
			);
			runOnlyForDeploymentPostprocessing = 0;
		};
		FD67ECF81C4EC47700B0D822 /* Resources */ = {
			isa = PBXResourcesBuildPhase;
			buildActionMask = 2147483647;
			files = (
			);
			runOnlyForDeploymentPostprocessing = 0;
		};
/* End PBXResourcesBuildPhase section */

/* Begin PBXSourcesBuildPhase section */
		FD67ECDA1C4EC47700B0D822 /* Sources */ = {
			isa = PBXSourcesBuildPhase;
			buildActionMask = 2147483647;
			files = (
				FD67ECE41C4EC47700B0D822 /* ViewController.swift in Sources */,
				FD67ECE21C4EC47700B0D822 /* AppDelegate.swift in Sources */,
			);
			runOnlyForDeploymentPostprocessing = 0;
		};
		FD67ECEB1C4EC47700B0D822 /* Sources */ = {
			isa = PBXSourcesBuildPhase;
			buildActionMask = 2147483647;
			files = (
				FD67ECF41C4EC47700B0D822 /* NotesEditorTests.swift in Sources */,
			);
			runOnlyForDeploymentPostprocessing = 0;
		};
		FD67ECF61C4EC47700B0D822 /* Sources */ = {
			isa = PBXSourcesBuildPhase;
			buildActionMask = 2147483647;
			files = (
				FD67ECFF1C4EC47700B0D822 /* NotesEditorUITests.swift in Sources */,
			);
			runOnlyForDeploymentPostprocessing = 0;
		};
/* End PBXSourcesBuildPhase section */

/* Begin PBXTargetDependency section */
		FD67ECF11C4EC47700B0D822 /* PBXTargetDependency */ = {
			isa = PBXTargetDependency;
			target = FD67ECDD1C4EC47700B0D822 /* NotesEditor */;
			targetProxy = FD67ECF01C4EC47700B0D822 /* PBXContainerItemProxy */;
		};
		FD67ECFC1C4EC47700B0D822 /* PBXTargetDependency */ = {
			isa = PBXTargetDependency;
			target = FD67ECDD1C4EC47700B0D822 /* NotesEditor */;
			targetProxy = FD67ECFB1C4EC47700B0D822 /* PBXContainerItemProxy */;
		};
/* End PBXTargetDependency section */

/* Begin PBXVariantGroup section */
		FD67ECE71C4EC47700B0D822 /* Main.storyboard */ = {
			isa = PBXVariantGroup;
			children = (
				FD67ECE81C4EC47700B0D822 /* Base */,
			);
			name = Main.storyboard;
			sourceTree = "<group>";
		};
/* End PBXVariantGroup section */

/* Begin XCBuildConfiguration section */
		FD67ED011C4EC47700B0D822 /* Debug */ = {
			isa = XCBuildConfiguration;
			buildSettings = {
				ALWAYS_SEARCH_USER_PATHS = NO;
				CLANG_CXX_LANGUAGE_STANDARD = "gnu++0x";
				CLANG_CXX_LIBRARY = "libc++";
				CLANG_ENABLE_MODULES = YES;
				CLANG_ENABLE_OBJC_ARC = YES;
				CLANG_WARN_BOOL_CONVERSION = YES;
				CLANG_WARN_CONSTANT_CONVERSION = YES;
				CLANG_WARN_DIRECT_OBJC_ISA_USAGE = YES_ERROR;
				CLANG_WARN_EMPTY_BODY = YES;
				CLANG_WARN_ENUM_CONVERSION = YES;
				CLANG_WARN_INT_CONVERSION = YES;
				CLANG_WARN_OBJC_ROOT_CLASS = YES_ERROR;
				CLANG_WARN_UNREACHABLE_CODE = YES;
				CLANG_WARN__DUPLICATE_METHOD_MATCH = YES;
				CODE_SIGN_IDENTITY = "-";
				COPY_PHASE_STRIP = NO;
				DEBUG_INFORMATION_FORMAT = dwarf;
				ENABLE_STRICT_OBJC_MSGSEND = YES;
				ENABLE_TESTABILITY = YES;
				GCC_C_LANGUAGE_STANDARD = gnu99;
				GCC_DYNAMIC_NO_PIC = NO;
				GCC_NO_COMMON_BLOCKS = YES;
				GCC_OPTIMIZATION_LEVEL = 0;
				GCC_PREPROCESSOR_DEFINITIONS = (
					"DEBUG=1",
					"$(inherited)",
				);
				GCC_WARN_64_TO_32_BIT_CONVERSION = YES;
				GCC_WARN_ABOUT_RETURN_TYPE = YES_ERROR;
				GCC_WARN_UNDECLARED_SELECTOR = YES;
				GCC_WARN_UNINITIALIZED_AUTOS = YES_AGGRESSIVE;
				GCC_WARN_UNUSED_FUNCTION = YES;
				GCC_WARN_UNUSED_VARIABLE = YES;
				MACOSX_DEPLOYMENT_TARGET = 10.11;
				MTL_ENABLE_DEBUG_INFO = YES;
				ONLY_ACTIVE_ARCH = YES;
				SDKROOT = macosx;
				SWIFT_OPTIMIZATION_LEVEL = "-Onone";
			};
			name = Debug;
		};
		FD67ED021C4EC47700B0D822 /* Release */ = {
			isa = XCBuildConfiguration;
			buildSettings = {
				ALWAYS_SEARCH_USER_PATHS = NO;
				CLANG_CXX_LANGUAGE_STANDARD = "gnu++0x";
				CLANG_CXX_LIBRARY = "libc++";
				CLANG_ENABLE_MODULES = YES;
				CLANG_ENABLE_OBJC_ARC = YES;
				CLANG_WARN_BOOL_CONVERSION = YES;
				CLANG_WARN_CONSTANT_CONVERSION = YES;
				CLANG_WARN_DIRECT_OBJC_ISA_USAGE = YES_ERROR;
				CLANG_WARN_EMPTY_BODY = YES;
				CLANG_WARN_ENUM_CONVERSION = YES;
				CLANG_WARN_INT_CONVERSION = YES;
				CLANG_WARN_OBJC_ROOT_CLASS = YES_ERROR;
				CLANG_WARN_UNREACHABLE_CODE = YES;
				CLANG_WARN__DUPLICATE_METHOD_MATCH = YES;
				CODE_SIGN_IDENTITY = "-";
				COPY_PHASE_STRIP = NO;
				DEBUG_INFORMATION_FORMAT = "dwarf-with-dsym";
				ENABLE_NS_ASSERTIONS = NO;
				ENABLE_STRICT_OBJC_MSGSEND = YES;
				GCC_C_LANGUAGE_STANDARD = gnu99;
				GCC_NO_COMMON_BLOCKS = YES;
				GCC_WARN_64_TO_32_BIT_CONVERSION = YES;
				GCC_WARN_ABOUT_RETURN_TYPE = YES_ERROR;
				GCC_WARN_UNDECLARED_SELECTOR = YES;
				GCC_WARN_UNINITIALIZED_AUTOS = YES_AGGRESSIVE;
				GCC_WARN_UNUSED_FUNCTION = YES;
				GCC_WARN_UNUSED_VARIABLE = YES;
				MACOSX_DEPLOYMENT_TARGET = 10.11;
				MTL_ENABLE_DEBUG_INFO = NO;
				SDKROOT = macosx;
			};
			name = Release;
		};
		FD67ED041C4EC47700B0D822 /* Debug */ = {
			isa = XCBuildConfiguration;
			buildSettings = {
				ASSETCATALOG_COMPILER_APPICON_NAME = AppIcon;
				COMBINE_HIDPI_IMAGES = YES;
				INFOPLIST_FILE = NotesEditor/Info.plist;
				LD_RUNPATH_SEARCH_PATHS = "$(inherited) @executable_path/../Frameworks";
				PRODUCT_BUNDLE_IDENTIFIER = com.vontell.NotesEditor;
				PRODUCT_NAME = "$(TARGET_NAME)";
			};
			name = Debug;
		};
		FD67ED051C4EC47700B0D822 /* Release */ = {
			isa = XCBuildConfiguration;
			buildSettings = {
				ASSETCATALOG_COMPILER_APPICON_NAME = AppIcon;
				COMBINE_HIDPI_IMAGES = YES;
				INFOPLIST_FILE = NotesEditor/Info.plist;
				LD_RUNPATH_SEARCH_PATHS = "$(inherited) @executable_path/../Frameworks";
				PRODUCT_BUNDLE_IDENTIFIER = com.vontell.NotesEditor;
				PRODUCT_NAME = "$(TARGET_NAME)";
			};
			name = Release;
		};
		FD67ED071C4EC47700B0D822 /* Debug */ = {
			isa = XCBuildConfiguration;
			buildSettings = {
				BUNDLE_LOADER = "$(TEST_HOST)";
				COMBINE_HIDPI_IMAGES = YES;
				INFOPLIST_FILE = NotesEditorTests/Info.plist;
				LD_RUNPATH_SEARCH_PATHS = "$(inherited) @executable_path/../Frameworks @loader_path/../Frameworks";
				PRODUCT_BUNDLE_IDENTIFIER = com.vontell.NotesEditorTests;
				PRODUCT_NAME = "$(TARGET_NAME)";
				TEST_HOST = "$(BUILT_PRODUCTS_DIR)/NotesEditor.app/Contents/MacOS/NotesEditor";
			};
			name = Debug;
		};
		FD67ED081C4EC47700B0D822 /* Release */ = {
			isa = XCBuildConfiguration;
			buildSettings = {
				BUNDLE_LOADER = "$(TEST_HOST)";
				COMBINE_HIDPI_IMAGES = YES;
				INFOPLIST_FILE = NotesEditorTests/Info.plist;
				LD_RUNPATH_SEARCH_PATHS = "$(inherited) @executable_path/../Frameworks @loader_path/../Frameworks";
				PRODUCT_BUNDLE_IDENTIFIER = com.vontell.NotesEditorTests;
				PRODUCT_NAME = "$(TARGET_NAME)";
				TEST_HOST = "$(BUILT_PRODUCTS_DIR)/NotesEditor.app/Contents/MacOS/NotesEditor";
			};
			name = Release;
		};
		FD67ED0A1C4EC47700B0D822 /* Debug */ = {
			isa = XCBuildConfiguration;
			buildSettings = {
				COMBINE_HIDPI_IMAGES = YES;
				INFOPLIST_FILE = NotesEditorUITests/Info.plist;
				LD_RUNPATH_SEARCH_PATHS = "$(inherited) @executable_path/../Frameworks @loader_path/../Frameworks";
				PRODUCT_BUNDLE_IDENTIFIER = com.vontell.NotesEditorUITests;
				PRODUCT_NAME = "$(TARGET_NAME)";
				TEST_TARGET_NAME = NotesEditor;
				USES_XCTRUNNER = YES;
			};
			name = Debug;
		};
		FD67ED0B1C4EC47700B0D822 /* Release */ = {
			isa = XCBuildConfiguration;
			buildSettings = {
				COMBINE_HIDPI_IMAGES = YES;
				INFOPLIST_FILE = NotesEditorUITests/Info.plist;
				LD_RUNPATH_SEARCH_PATHS = "$(inherited) @executable_path/../Frameworks @loader_path/../Frameworks";
				PRODUCT_BUNDLE_IDENTIFIER = com.vontell.NotesEditorUITests;
				PRODUCT_NAME = "$(TARGET_NAME)";
				TEST_TARGET_NAME = NotesEditor;
				USES_XCTRUNNER = YES;
			};
			name = Release;
		};
/* End XCBuildConfiguration section */

/* Begin XCConfigurationList section */
		FD67ECD91C4EC47700B0D822 /* Build configuration list for PBXProject "NotesEditor" */ = {
			isa = XCConfigurationList;
			buildConfigurations = (
				FD67ED011C4EC47700B0D822 /* Debug */,
				FD67ED021C4EC47700B0D822 /* Release */,
			);
			defaultConfigurationIsVisible = 0;
			defaultConfigurationName = Release;
		};
		FD67ED031C4EC47700B0D822 /* Build configuration list for PBXNativeTarget "NotesEditor" */ = {
			isa = XCConfigurationList;
			buildConfigurations = (
				FD67ED041C4EC47700B0D822 /* Debug */,
				FD67ED051C4EC47700B0D822 /* Release */,
			);
			defaultConfigurationIsVisible = 0;
		};
		FD67ED061C4EC47700B0D822 /* Build configuration list for PBXNativeTarget "NotesEditorTests" */ = {
			isa = XCConfigurationList;
			buildConfigurations = (
				FD67ED071C4EC47700B0D822 /* Debug */,
				FD67ED081C4EC47700B0D822 /* Release */,
			);
			defaultConfigurationIsVisible = 0;
		};
		FD67ED091C4EC47700B0D822 /* Build configuration list for PBXNativeTarget "NotesEditorUITests" */ = {
			isa = XCConfigurationList;
			buildConfigurations = (
				FD67ED0A1C4EC47700B0D822 /* Debug */,
				FD67ED0B1C4EC47700B0D822 /* Release */,
			);
			defaultConfigurationIsVisible = 0;
		};
/* End XCConfigurationList section */
	};
	rootObject = FD67ECD61C4EC47700B0D822 /* Project object */;
}
